lockfile_version: '1'
generated_at: '2026-04-07T00:34:54.018231+00:00'
apm_version: 0.8.10
dependencies:
- repo_url: srid/agency
  host: github.com
  resolved_commit: 7fc84d15e9c48395d2c093c9d275939bf05738f6
  resolved_ref: master
  package_type: apm_package
  deployed_files:
  - .opencode/commands/do.md
  - .opencode/commands/talk.md
  - .opencode/skills/code-police
  - .opencode/skills/github-pr
  - .opencode/skills/hickey
  content_hash: sha256:3b3dd5a41cf8a0e6967d3b7eb12f280a351c6e676b363f69988e73f8b199afae
